
Microsoft Visual Studio Solution File, Format Version 12.00
# Visual Studio 15
VisualStudioVersion = 15.0.27130.2036
MinimumVisualStudioVersion = 10.0.40219.1
Project("{2150E333-8FDC-42A3-9474-1A3956D46DE8}") = "Abp.src", "Abp.src", "{3A9577A2-E0CB-466D-A9E2-0A342A34C94F}"
EndProject
Project("{2150E333-8FDC-42A3-9474-1A3956D46DE8}") = "01-基础设施层", "01-基础设施层", "{D4700D4F-3E62-4F61-8227-D9D510D813A7}"
	ProjectSection(SolutionItems) = preProject
		src\01-基础设施层\README.md = src\01-基础设施层\README.md
	EndProjectSection
EndProject
Project("{2150E333-8FDC-42A3-9474-1A3956D46DE8}") = "02-领域层", "02-领域层", "{7B66181F-20D1-46A5-B498-4003AFC240EF}"
	ProjectSection(SolutionItems) = preProject
		src\02-领域层\README.md = src\02-领域层\README.md
	EndProjectSection
EndProject
Project("{2150E333-8FDC-42A3-9474-1A3956D46DE8}") = "03-应用层", "03-应用层", "{E355610D-69AE-459B-A8D6-A915192729D5}"
	ProjectSection(SolutionItems) = preProject
		src\03-应用层\README.md = src\03-应用层\README.md
	EndProjectSection
EndProject
Project("{2150E333-8FDC-42A3-9474-1A3956D46DE8}") = "04-展现层", "04-展现层", "{952676FD-50C8-4DA3-8D6F-43EE3146E43F}"
	ProjectSection(SolutionItems) = preProject
		src\04-展现层\README.md = src\04-展现层\README.md
	EndProjectSection
EndProject
Project("{2150E333-8FDC-42A3-9474-1A3956D46DE8}") = "src", "src", "{EC43B0E2-4A67-4F27-B21D-E5CC66205728}"
EndProject
Project("{2150E333-8FDC-42A3-9474-1A3956D46DE8}") = "doc", "doc", "{688730C4-F810-4A36-9EA1-99F344CF2137}"
	ProjectSection(SolutionItems) = preProject
		doc\TG.UBP开发建议.pptx = doc\TG.UBP开发建议.pptx
		doc\开发说明.docx = doc\开发说明.docx
		doc\系统管理－详细设计.docx = doc\系统管理－详细设计.docx
	EndProjectSection
EndProject
Project("{9A19103F-16F7-4668-BE54-9A1E7A4F7556}") = "Abp", "..\aspnetboilerplate\src\Abp\Abp.csproj", "{BE9ACA26-9C1B-4975-9AAD-BDD48DE84EB8}"
EndProject
Project("{9A19103F-16F7-4668-BE54-9A1E7A4F7556}") = "Abp.AspNetCore", "..\aspnetboilerplate\src\Abp.AspNetCore\Abp.AspNetCore.csproj", "{059994DD-5580-4925-84DC-DC5C127A1B12}"
EndProject
Project("{9A19103F-16F7-4668-BE54-9A1E7A4F7556}") = "Abp.AutoMapper", "..\aspnetboilerplate\src\Abp.AutoMapper\Abp.AutoMapper.csproj", "{7334AFF5-CF42-4922-8F79-E74FCD8693A5}"
EndProject
Project("{9A19103F-16F7-4668-BE54-9A1E7A4F7556}") = "Abp.AspNetCore.TestBase", "..\aspnetboilerplate\src\Abp.AspNetCore.TestBase\Abp.AspNetCore.TestBase.csproj", "{69F00767-62CD-49FE-83C6-DCC8CBD1D026}"
EndProject
Project("{9A19103F-16F7-4668-BE54-9A1E7A4F7556}") = "Abp.Castle.Log4Net", "..\aspnetboilerplate\src\Abp.Castle.Log4Net\Abp.Castle.Log4Net.csproj", "{E0E1CDB0-C268-42E9-8FDE-9EC3B7ACB72E}"
EndProject
Project("{9A19103F-16F7-4668-BE54-9A1E7A4F7556}") = "Abp.Dapper", "..\aspnetboilerplate\src\Abp.Dapper\Abp.Dapper.csproj", "{F7DA6203-2257-460A-ACF1-13FF3A87F724}"
EndProject
Project("{9A19103F-16F7-4668-BE54-9A1E7A4F7556}") = "Abp.EntityFramework", "..\aspnetboilerplate\src\Abp.EntityFramework\Abp.EntityFramework.csproj", "{325015F8-FB13-402E-99B5-F5B8FF462C17}"
EndProject
Project("{9A19103F-16F7-4668-BE54-9A1E7A4F7556}") = "Abp.EntityFramework.Common", "..\aspnetboilerplate\src\Abp.EntityFramework.Common\Abp.EntityFramework.Common.csproj", "{FC01FB44-E3C9-4270-BD40-AE4951B55EBC}"
EndProject
Project("{9A19103F-16F7-4668-BE54-9A1E7A4F7556}") = "Abp.EntityFramework.GraphDiff", "..\aspnetboilerplate\src\Abp.EntityFramework.GraphDiff\Abp.EntityFramework.GraphDiff.csproj", "{B17B2C9C-835E-4B73-9F58-C3AEF6DAD7E5}"
EndProject
Project("{9A19103F-16F7-4668-BE54-9A1E7A4F7556}") = "Abp.EntityFrameworkCore", "..\aspnetboilerplate\src\Abp.EntityFrameworkCore\Abp.EntityFrameworkCore.csproj", "{4603E890-61F4-4EB6-A6B2-CFA0A9B00999}"
EndProject
Project("{9A19103F-16F7-4668-BE54-9A1E7A4F7556}") = "Abp.FluentMigrator", "..\aspnetboilerplate\src\Abp.FluentMigrator\Abp.FluentMigrator.csproj", "{38B17FF5-7426-41AA-AD89-1D6B3DF851A2}"
EndProject
Project("{9A19103F-16F7-4668-BE54-9A1E7A4F7556}") = "Abp.HangFire", "..\aspnetboilerplate\src\Abp.HangFire\Abp.HangFire.csproj", "{A22160FB-F521-4565-9399-F465F73ACC5A}"
EndProject
Project("{9A19103F-16F7-4668-BE54-9A1E7A4F7556}") = "Abp.HangFire.AspNetCore", "..\aspnetboilerplate\src\Abp.HangFire.AspNetCore\Abp.HangFire.AspNetCore.csproj", "{A86C2CB5-9CE9-449D-A5E1-B9B3130842DA}"
EndProject
Project("{9A19103F-16F7-4668-BE54-9A1E7A4F7556}") = "Abp.MailKit", "..\aspnetboilerplate\src\Abp.MailKit\Abp.MailKit.csproj", "{84BD4E5A-8BF8-4CA7-9B39-FBA5ECAD2B8E}"
EndProject
Project("{9A19103F-16F7-4668-BE54-9A1E7A4F7556}") = "Abp.MemoryDb", "..\aspnetboilerplate\src\Abp.MemoryDb\Abp.MemoryDb.csproj", "{94F94760-3077-44B5-B5B4-859D0D9C0CB7}"
EndProject
Project("{9A19103F-16F7-4668-BE54-9A1E7A4F7556}") = "Abp.MongoDB", "..\aspnetboilerplate\src\Abp.MongoDB\Abp.MongoDB.csproj", "{27B4CFC3-64F1-4222-BEE0-7E982816C3E2}"
EndProject
Project("{9A19103F-16F7-4668-BE54-9A1E7A4F7556}") = "Abp.NHibernate", "..\aspnetboilerplate\src\Abp.NHibernate\Abp.NHibernate.csproj", "{C6D0E9E2-95B7-4D83-865B-031C65C3D5BF}"
EndProject
Project("{9A19103F-16F7-4668-BE54-9A1E7A4F7556}") = "Abp.Owin", "..\aspnetboilerplate\src\Abp.Owin\Abp.Owin.csproj", "{DABC038B-55BE-4E93-8600-5CEBD1BC642E}"
EndProject
Project("{9A19103F-16F7-4668-BE54-9A1E7A4F7556}") = "Abp.Quartz", "..\aspnetboilerplate\src\Abp.Quartz\Abp.Quartz.csproj", "{A25F9573-74CC-4B81-B854-75D6D1048BE0}"
EndProject
Project("{9A19103F-16F7-4668-BE54-9A1E7A4F7556}") = "Abp.RedisCache", "..\aspnetboilerplate\src\Abp.RedisCache\Abp.RedisCache.csproj", "{612DF432-2D46-46B2-A294-7D403FE611EB}"
EndProject
Project("{9A19103F-16F7-4668-BE54-9A1E7A4F7556}") = "Abp.RedisCache.ProtoBuf", "..\aspnetboilerplate\src\Abp.RedisCache.ProtoBuf\Abp.RedisCache.ProtoBuf.csproj", "{79C26DD6-4B32-4367-B5A2-D25289CB51AF}"
EndProject
Project("{9A19103F-16F7-4668-BE54-9A1E7A4F7556}") = "Abp.TestBase", "..\aspnetboilerplate\src\Abp.TestBase\Abp.TestBase.csproj", "{B5C9FD7C-EB55-44F2-B7D4-DEBCBBDBF0F6}"
EndProject
Project("{9A19103F-16F7-4668-BE54-9A1E7A4F7556}") = "Abp.Web", "..\aspnetboilerplate\src\Abp.Web\Abp.Web.csproj", "{F443CAB0-11B3-4FB5-9782-F8779AAE34F7}"
EndProject
Project("{9A19103F-16F7-4668-BE54-9A1E7A4F7556}") = "Abp.Web.Api", "..\aspnetboilerplate\src\Abp.Web.Api\Abp.Web.Api.csproj", "{2977FBE3-08DF-4275-AB2B-2DB63B29E538}"
EndProject
Project("{9A19103F-16F7-4668-BE54-9A1E7A4F7556}") = "Abp.Web.Api.OData", "..\aspnetboilerplate\src\Abp.Web.Api.OData\Abp.Web.Api.OData.csproj", "{B295AC33-F361-4812-A6EF-A446E19A19D2}"
EndProject
Project("{9A19103F-16F7-4668-BE54-9A1E7A4F7556}") = "Abp.Web.Common", "..\aspnetboilerplate\src\Abp.Web.Common\Abp.Web.Common.csproj", "{013D8E60-DF92-4187-8588-AAF7BEE20C83}"
EndProject
Project("{9A19103F-16F7-4668-BE54-9A1E7A4F7556}") = "Abp.Web.Mvc", "..\aspnetboilerplate\src\Abp.Web.Mvc\Abp.Web.Mvc.csproj", "{53C6938F-D370-40F0-8870-182B40CC06E8}"
EndProject
Project("{9A19103F-16F7-4668-BE54-9A1E7A4F7556}") = "Abp.Web.Resources", "..\aspnetboilerplate\src\Abp.Web.Resources\Abp.Web.Resources.csproj", "{BA7B2E98-A993-4979-8606-CC90FF6CD9D7}"
EndProject
Project("{9A19103F-16F7-4668-BE54-9A1E7A4F7556}") = "Abp.Web.SignalR", "..\aspnetboilerplate\src\Abp.Web.SignalR\Abp.Web.SignalR.csproj", "{60AA0965-CC14-4779-88EE-E13D6078D40C}"
EndProject
Project("{2150E333-8FDC-42A3-9474-1A3956D46DE8}") = "test", "test", "{3E11D982-AF2D-4973-A532-137E679FAAC6}"
EndProject
Project("{2150E333-8FDC-42A3-9474-1A3956D46DE8}") = "Abp.Zero.src", "Abp.Zero.src", "{6FA89FCE-456B-4BC0-BFD5-1D392C079926}"
EndProject
Project("{2150E333-8FDC-42A3-9474-1A3956D46DE8}") = "Shared", "Shared", "{BE696037-A6A8-404A-99DA-A8CA628E405B}"
EndProject
Project("{2150E333-8FDC-42A3-9474-1A3956D46DE8}") = "Zero", "Zero", "{140C8A6B-8156-4529-A635-9F3B6FE08195}"
EndProject
Project("{2150E333-8FDC-42A3-9474-1A3956D46DE8}") = "ZeroCore", "ZeroCore", "{BB4765CA-CBD5-4BFB-8812-C5D0294AF5B2}"
EndProject
Project("{9A19103F-16F7-4668-BE54-9A1E7A4F7556}") = "Abp.Zero.Common", "..\module-zero\src\Abp.Zero.Common\Abp.Zero.Common.csproj", "{362AF84E-4D6B-4A8B-A111-91620C1F1E50}"
EndProject
Project("{9A19103F-16F7-4668-BE54-9A1E7A4F7556}") = "Abp.Zero.Ldap", "..\module-zero\src\Abp.Zero.Ldap\Abp.Zero.Ldap.csproj", "{38828888-4227-4C85-A751-11370197BC22}"
EndProject
Project("{9A19103F-16F7-4668-BE54-9A1E7A4F7556}") = "Abp.Zero", "..\module-zero\src\Abp.Zero\Abp.Zero.csproj", "{6D8AD002-4071-4094-803A-C25EB7E9C786}"
EndProject
Project("{9A19103F-16F7-4668-BE54-9A1E7A4F7556}") = "Abp.Zero.AspNetCore", "..\module-zero\src\Abp.Zero.AspNetCore\Abp.Zero.AspNetCore.csproj", "{62A44415-CFEC-4D0A-A6AA-BE37F5C5059D}"
EndProject
Project("{9A19103F-16F7-4668-BE54-9A1E7A4F7556}") = "Abp.Zero.EntityFramework", "..\module-zero\src\Abp.Zero.EntityFramework\Abp.Zero.EntityFramework.csproj", "{E35A1703-64C2-4C81-82E5-4DA2C79B4B5C}"
EndProject
Project("{9A19103F-16F7-4668-BE54-9A1E7A4F7556}") = "Abp.Zero.EntityFrameworkCore", "..\module-zero\src\Abp.Zero.EntityFrameworkCore\Abp.Zero.EntityFrameworkCore.csproj", "{58A7DB68-6213-47CD-BB09-D550D85E8128}"
EndProject
Project("{9A19103F-16F7-4668-BE54-9A1E7A4F7556}") = "Abp.Zero.NHibernate", "..\module-zero\src\Abp.Zero.NHibernate\Abp.Zero.NHibernate.csproj", "{8D2A5280-C0AD-478B-981A-CE4B1A749711}"
EndProject
Project("{9A19103F-16F7-4668-BE54-9A1E7A4F7556}") = "Abp.Zero.Owin", "..\module-zero\src\Abp.Zero.Owin\Abp.Zero.Owin.csproj", "{728A3287-AC8E-4121-99AF-1B4A5D9CA3A8}"
EndProject
Project("{9A19103F-16F7-4668-BE54-9A1E7A4F7556}") = "Abp.ZeroCore", "..\module-zero\src\Abp.ZeroCore\Abp.ZeroCore.csproj", "{7B64B859-C5FF-4CC1-9277-705AB9783CF8}"
EndProject
Project("{9A19103F-16F7-4668-BE54-9A1E7A4F7556}") = "Abp.ZeroCore.EntityFrameworkCore", "..\module-zero\src\Abp.ZeroCore.EntityFrameworkCore\Abp.ZeroCore.EntityFrameworkCore.csproj", "{E24D9BAE-A975-4970-B5C9-A588E1B35875}"
EndProject
Project("{9A19103F-16F7-4668-BE54-9A1E7A4F7556}") = "Abp.ZeroCore.IdentityServer4", "..\module-zero\src\Abp.ZeroCore.IdentityServer4\Abp.ZeroCore.IdentityServer4.csproj", "{2421EA40-CA02-4320-9DE0-9518D6F223CB}"
EndProject
Project("{9A19103F-16F7-4668-BE54-9A1E7A4F7556}") = "Abp.ZeroCore.IdentityServer4.EntityFrameworkCore", "..\module-zero\src\Abp.ZeroCore.IdentityServer4.EntityFrameworkCore\Abp.ZeroCore.IdentityServer4.EntityFrameworkCore.csproj", "{557193CD-D1DC-46F3-9E0F-7865CEEC5CAF}"
EndProject
Project("{FAE04EC0-301F-11D3-BF4B-00C04F79EFBC}") = "DM.UBP.EF", "src\01-基础设施层\DM.UBP.EF\DM.UBP.EF.csproj", "{3979F157-DEB0-4878-AB1D-4CEF6B5A1300}"
EndProject
Project("{FAE04EC0-301F-11D3-BF4B-00C04F79EFBC}") = "DM.UBP.EF.OracleDevart", "src\01-基础设施层\DM.UBP.EF.OracleDevart\DM.UBP.EF.OracleDevart.csproj", "{034BC5C8-35B6-412E-9440-431B3997B2AB}"
EndProject
Project("{FAE04EC0-301F-11D3-BF4B-00C04F79EFBC}") = "DM.UBP.EF.SqlServer", "src\01-基础设施层\DM.UBP.EF.SqlServer\DM.UBP.EF.SqlServer.csproj", "{2D5F00C2-A81F-46B9-AA79-7023B0188761}"
EndProject
Project("{FAE04EC0-301F-11D3-BF4B-00C04F79EFBC}") = "DM.UBP.Common", "src\01-基础设施层\DM.UBP.Common\DM.UBP.Common.csproj", "{4FE341BF-8422-4DF3-8EFA-DD5187032F70}"
EndProject
Project("{FAE04EC0-301F-11D3-BF4B-00C04F79EFBC}") = "DM.Common", "src\01-基础设施层\DM.Common\DM.Common.csproj", "{D3C43DFA-4BC8-4DAA-83A4-51D0000E788C}"
EndProject
Project("{FAE04EC0-301F-11D3-BF4B-00C04F79EFBC}") = "DM.UBP.Web", "src\04-展现层\DM.UBP.Web\DM.UBP.Web.csproj", "{897F6FD8-6F90-48E4-95A5-B4429B896205}"
EndProject
Project("{FAE04EC0-301F-11D3-BF4B-00C04F79EFBC}") = "DM.UBP.Web.Controllers", "src\04-展现层\DM.UBP.Web.Controllers\DM.UBP.Web.Controllers.csproj", "{860CDC51-8364-486E-9982-284FE5AB0787}"
EndProject
Project("{2150E333-8FDC-42A3-9474-1A3956D46DE8}") = "11-工具", "11-工具", "{983F449C-0BB5-4294-A15D-AF9027DBF8D9}"
EndProject
Project("{FAE04EC0-301F-11D3-BF4B-00C04F79EFBC}") = "DM.UBP.CodeBuilder", "src\11-工具\DM.UBP.CodeBuilder\DM.UBP.CodeBuilder.csproj", "{67C92AA0-0B73-467D-9C1C-C884CA0DA4F7}"
EndProject
Project("{2150E333-8FDC-42A3-9474-1A3956D46DE8}") = "00-aspnet-zero", "00-aspnet-zero", "{DE421E5B-AFA6-4897-8C16-0ACE07385B55}"
EndProject
Project("{FAE04EC0-301F-11D3-BF4B-00C04F79EFBC}") = "DM.UBP.Core", "src\00-aspnet-zero\DM.UBP.Core\DM.UBP.Core.csproj", "{17298EA0-AF73-4F30-B6F1-2066100D7D74}"
EndProject
Project("{FAE04EC0-301F-11D3-BF4B-00C04F79EFBC}") = "DM.UBP.Application", "src\00-aspnet-zero\DM.UBP.Application\DM.UBP.Application.csproj", "{EDF5D964-4C0F-4F19-B674-58A38A5E5401}"
EndProject
Project("{FAE04EC0-301F-11D3-BF4B-00C04F79EFBC}") = "DM.UBP.WebApi", "src\00-aspnet-zero\DM.UBP.WebApi\DM.UBP.WebApi.csproj", "{5EB52D3D-09FD-463A-B02A-8D9856BD3724}"
EndProject
Project("{FAE04EC0-301F-11D3-BF4B-00C04F79EFBC}") = "DM.UBP.Domain.SeedAction", "src\02-领域层\DM.UBP.Domain.SeedAction\DM.UBP.Domain.SeedAction.csproj", "{CBA073DD-12E0-4FFA-B910-38B4824B5B59}"
EndProject
Project("{FAE04EC0-301F-11D3-BF4B-00C04F79EFBC}") = "DM.UBP.Domain.Entity", "src\02-领域层\DM.UBP.Domain.Entity\DM.UBP.Domain.Entity.csproj", "{D0F6B7DA-08A0-472B-AD15-3F9878439467}"
EndProject
Project("{FAE04EC0-301F-11D3-BF4B-00C04F79EFBC}") = "DM.UBP.Domain.EntityConfiguration.OracleDevart", "src\02-领域层\DM.UBP.Domain.EntityConfiguration.OracleDevart\DM.UBP.Domain.EntityConfiguration.OracleDevart.csproj", "{E4CE48F2-D1DF-4D9D-B419-8ADCF3BE5866}"
EndProject
Project("{FAE04EC0-301F-11D3-BF4B-00C04F79EFBC}") = "DM.UBP.Domain.Service", "src\02-领域层\DM.UBP.Domain.Service\DM.UBP.Domain.Service.csproj", "{C0160FE5-83CD-4025-8F78-2100B02EBC5D}"
EndProject
Project("{FAE04EC0-301F-11D3-BF4B-00C04F79EFBC}") = "DM.UBP.Application.Dto", "src\03-应用层\DM.UBP.Application.Dto\DM.UBP.Application.Dto.csproj", "{0E684037-FAE4-4F67-9C4C-B68DBB215D8D}"
EndProject
Project("{FAE04EC0-301F-11D3-BF4B-00C04F79EFBC}") = "DM.UBP.Application.Service", "src\03-应用层\DM.UBP.Application.Service\DM.UBP.Application.Service.csproj", "{10E6ADBF-9F47-4B9E-918A-E0D2960599B6}"
EndProject
Project("{FAE04EC0-301F-11D3-BF4B-00C04F79EFBC}") = "DM.UBP.Application.Quartz", "src\03-应用层\DM.UBP.Application.Quartz\DM.UBP.Application.Quartz.csproj", "{8AD53561-4689-4C69-B684-9A1DDF7FEAB9}"
EndProject
Project("{FAE04EC0-301F-11D3-BF4B-00C04F79EFBC}") = "DM.UBP.CreateRSAKey", "src\11-工具\DM.UBP.CreateRSAKey\DM.UBP.CreateRSAKey.csproj", "{7FEC4112-75D3-4EC6-8B69-DE6F9C260187}"
EndProject
Project("{FAE04EC0-301F-11D3-BF4B-00C04F79EFBC}") = "DM.UBP.Console", "DM.UBP.Console\DM.UBP.Console.csproj", "{FF73BD13-AD91-4F49-BBBE-82D166878301}"
EndProject
Global
	GlobalSection(SolutionConfigurationPlatforms) = preSolution
		Debug|Any CPU = Debug|Any CPU
		Release|Any CPU = Release|Any CPU
	EndGlobalSection
	GlobalSection(ProjectConfigurationPlatforms) = postSolution
		{BE9ACA26-9C1B-4975-9AAD-BDD48DE84EB8}.Debug|Any CPU.ActiveCfg = Debug|Any CPU
		{BE9ACA26-9C1B-4975-9AAD-BDD48DE84EB8}.Release|Any CPU.ActiveCfg = Release|Any CPU
		{BE9ACA26-9C1B-4975-9AAD-BDD48DE84EB8}.Release|Any CPU.Build.0 = Release|Any CPU
		{059994DD-5580-4925-84DC-DC5C127A1B12}.Debug|Any CPU.ActiveCfg = Debug|Any CPU
		{059994DD-5580-4925-84DC-DC5C127A1B12}.Release|Any CPU.ActiveCfg = Release|Any CPU
		{059994DD-5580-4925-84DC-DC5C127A1B12}.Release|Any CPU.Build.0 = Release|Any CPU
		{7334AFF5-CF42-4922-8F79-E74FCD8693A5}.Debug|Any CPU.ActiveCfg = Debug|Any CPU
		{7334AFF5-CF42-4922-8F79-E74FCD8693A5}.Release|Any CPU.ActiveCfg = Release|Any CPU
		{7334AFF5-CF42-4922-8F79-E74FCD8693A5}.Release|Any CPU.Build.0 = Release|Any CPU
		{69F00767-62CD-49FE-83C6-DCC8CBD1D026}.Debug|Any CPU.ActiveCfg = Debug|Any CPU
		{69F00767-62CD-49FE-83C6-DCC8CBD1D026}.Release|Any CPU.ActiveCfg = Release|Any CPU
		{69F00767-62CD-49FE-83C6-DCC8CBD1D026}.Release|Any CPU.Build.0 = Release|Any CPU
		{E0E1CDB0-C268-42E9-8FDE-9EC3B7ACB72E}.Debug|Any CPU.ActiveCfg = Debug|Any CPU
		{E0E1CDB0-C268-42E9-8FDE-9EC3B7ACB72E}.Release|Any CPU.ActiveCfg = Release|Any CPU
		{E0E1CDB0-C268-42E9-8FDE-9EC3B7ACB72E}.Release|Any CPU.Build.0 = Release|Any CPU
		{F7DA6203-2257-460A-ACF1-13FF3A87F724}.Debug|Any CPU.ActiveCfg = Debug|Any CPU
		{F7DA6203-2257-460A-ACF1-13FF3A87F724}.Release|Any CPU.ActiveCfg = Release|Any CPU
		{F7DA6203-2257-460A-ACF1-13FF3A87F724}.Release|Any CPU.Build.0 = Release|Any CPU
		{325015F8-FB13-402E-99B5-F5B8FF462C17}.Debug|Any CPU.ActiveCfg = Debug|Any CPU
		{325015F8-FB13-402E-99B5-F5B8FF462C17}.Release|Any CPU.ActiveCfg = Release|Any CPU
		{325015F8-FB13-402E-99B5-F5B8FF462C17}.Release|Any CPU.Build.0 = Release|Any CPU
		{FC01FB44-E3C9-4270-BD40-AE4951B55EBC}.Debug|Any CPU.ActiveCfg = Debug|Any CPU
		{FC01FB44-E3C9-4270-BD40-AE4951B55EBC}.Release|Any CPU.ActiveCfg = Release|Any CPU
		{FC01FB44-E3C9-4270-BD40-AE4951B55EBC}.Release|Any CPU.Build.0 = Release|Any CPU
		{B17B2C9C-835E-4B73-9F58-C3AEF6DAD7E5}.Debug|Any CPU.ActiveCfg = Debug|Any CPU
		{B17B2C9C-835E-4B73-9F58-C3AEF6DAD7E5}.Release|Any CPU.ActiveCfg = Release|Any CPU
		{B17B2C9C-835E-4B73-9F58-C3AEF6DAD7E5}.Release|Any CPU.Build.0 = Release|Any CPU
		{4603E890-61F4-4EB6-A6B2-CFA0A9B00999}.Debug|Any CPU.ActiveCfg = Debug|Any CPU
		{4603E890-61F4-4EB6-A6B2-CFA0A9B00999}.Release|Any CPU.ActiveCfg = Release|Any CPU
		{4603E890-61F4-4EB6-A6B2-CFA0A9B00999}.Release|Any CPU.Build.0 = Release|Any CPU
		{38B17FF5-7426-41AA-AD89-1D6B3DF851A2}.Debug|Any CPU.ActiveCfg = Debug|Any CPU
		{38B17FF5-7426-41AA-AD89-1D6B3DF851A2}.Release|Any CPU.ActiveCfg = Release|Any CPU
		{38B17FF5-7426-41AA-AD89-1D6B3DF851A2}.Release|Any CPU.Build.0 = Release|Any CPU
		{A22160FB-F521-4565-9399-F465F73ACC5A}.Debug|Any CPU.ActiveCfg = Debug|Any CPU
		{A22160FB-F521-4565-9399-F465F73ACC5A}.Release|Any CPU.ActiveCfg = Release|Any CPU
		{A22160FB-F521-4565-9399-F465F73ACC5A}.Release|Any CPU.Build.0 = Release|Any CPU
		{A86C2CB5-9CE9-449D-A5E1-B9B3130842DA}.Debug|Any CPU.ActiveCfg = Debug|Any CPU
		{A86C2CB5-9CE9-449D-A5E1-B9B3130842DA}.Release|Any CPU.ActiveCfg = Release|Any CPU
		{A86C2CB5-9CE9-449D-A5E1-B9B3130842DA}.Release|Any CPU.Build.0 = Release|Any CPU
		{84BD4E5A-8BF8-4CA7-9B39-FBA5ECAD2B8E}.Debug|Any CPU.ActiveCfg = Debug|Any CPU
		{84BD4E5A-8BF8-4CA7-9B39-FBA5ECAD2B8E}.Release|Any CPU.ActiveCfg = Release|Any CPU
		{84BD4E5A-8BF8-4CA7-9B39-FBA5ECAD2B8E}.Release|Any CPU.Build.0 = Release|Any CPU
		{94F94760-3077-44B5-B5B4-859D0D9C0CB7}.Debug|Any CPU.ActiveCfg = Debug|Any CPU
		{94F94760-3077-44B5-B5B4-859D0D9C0CB7}.Release|Any CPU.ActiveCfg = Release|Any CPU
		{94F94760-3077-44B5-B5B4-859D0D9C0CB7}.Release|Any CPU.Build.0 = Release|Any CPU
		{27B4CFC3-64F1-4222-BEE0-7E982816C3E2}.Debug|Any CPU.ActiveCfg = Debug|Any CPU
		{27B4CFC3-64F1-4222-BEE0-7E982816C3E2}.Release|Any CPU.ActiveCfg = Release|Any CPU
		{27B4CFC3-64F1-4222-BEE0-7E982816C3E2}.Release|Any CPU.Build.0 = Release|Any CPU
		{C6D0E9E2-95B7-4D83-865B-031C65C3D5BF}.Debug|Any CPU.ActiveCfg = Debug|Any CPU
		{C6D0E9E2-95B7-4D83-865B-031C65C3D5BF}.Release|Any CPU.ActiveCfg = Release|Any CPU
		{C6D0E9E2-95B7-4D83-865B-031C65C3D5BF}.Release|Any CPU.Build.0 = Release|Any CPU
		{DABC038B-55BE-4E93-8600-5CEBD1BC642E}.Debug|Any CPU.ActiveCfg = Debug|Any CPU
		{DABC038B-55BE-4E93-8600-5CEBD1BC642E}.Release|Any CPU.ActiveCfg = Release|Any CPU
		{DABC038B-55BE-4E93-8600-5CEBD1BC642E}.Release|Any CPU.Build.0 = Release|Any CPU
		{A25F9573-74CC-4B81-B854-75D6D1048BE0}.Debug|Any CPU.ActiveCfg = Debug|Any CPU
		{A25F9573-74CC-4B81-B854-75D6D1048BE0}.Release|Any CPU.ActiveCfg = Release|Any CPU
		{A25F9573-74CC-4B81-B854-75D6D1048BE0}.Release|Any CPU.Build.0 = Release|Any CPU
		{612DF432-2D46-46B2-A294-7D403FE611EB}.Debug|Any CPU.ActiveCfg = Debug|Any CPU
		{612DF432-2D46-46B2-A294-7D403FE611EB}.Release|Any CPU.ActiveCfg = Release|Any CPU
		{612DF432-2D46-46B2-A294-7D403FE611EB}.Release|Any CPU.Build.0 = Release|Any CPU
		{79C26DD6-4B32-4367-B5A2-D25289CB51AF}.Debug|Any CPU.ActiveCfg = Debug|Any CPU
		{79C26DD6-4B32-4367-B5A2-D25289CB51AF}.Release|Any CPU.ActiveCfg = Release|Any CPU
		{79C26DD6-4B32-4367-B5A2-D25289CB51AF}.Release|Any CPU.Build.0 = Release|Any CPU
		{B5C9FD7C-EB55-44F2-B7D4-DEBCBBDBF0F6}.Debug|Any CPU.ActiveCfg = Debug|Any CPU
		{B5C9FD7C-EB55-44F2-B7D4-DEBCBBDBF0F6}.Release|Any CPU.ActiveCfg = Release|Any CPU
		{B5C9FD7C-EB55-44F2-B7D4-DEBCBBDBF0F6}.Release|Any CPU.Build.0 = Release|Any CPU
		{F443CAB0-11B3-4FB5-9782-F8779AAE34F7}.Debug|Any CPU.ActiveCfg = Debug|Any CPU
		{F443CAB0-11B3-4FB5-9782-F8779AAE34F7}.Release|Any CPU.ActiveCfg = Release|Any CPU
		{F443CAB0-11B3-4FB5-9782-F8779AAE34F7}.Release|Any CPU.Build.0 = Release|Any CPU
		{2977FBE3-08DF-4275-AB2B-2DB63B29E538}.Debug|Any CPU.ActiveCfg = Debug|Any CPU
		{2977FBE3-08DF-4275-AB2B-2DB63B29E538}.Release|Any CPU.ActiveCfg = Release|Any CPU
		{2977FBE3-08DF-4275-AB2B-2DB63B29E538}.Release|Any CPU.Build.0 = Release|Any CPU
		{B295AC33-F361-4812-A6EF-A446E19A19D2}.Debug|Any CPU.ActiveCfg = Debug|Any CPU
		{B295AC33-F361-4812-A6EF-A446E19A19D2}.Release|Any CPU.ActiveCfg = Release|Any CPU
		{B295AC33-F361-4812-A6EF-A446E19A19D2}.Release|Any CPU.Build.0 = Release|Any CPU
		{013D8E60-DF92-4187-8588-AAF7BEE20C83}.Debug|Any CPU.ActiveCfg = Debug|Any CPU
		{013D8E60-DF92-4187-8588-AAF7BEE20C83}.Release|Any CPU.ActiveCfg = Release|Any CPU
		{013D8E60-DF92-4187-8588-AAF7BEE20C83}.Release|Any CPU.Build.0 = Release|Any CPU
		{53C6938F-D370-40F0-8870-182B40CC06E8}.Debug|Any CPU.ActiveCfg = Debug|Any CPU
		{53C6938F-D370-40F0-8870-182B40CC06E8}.Release|Any CPU.ActiveCfg = Release|Any CPU
		{53C6938F-D370-40F0-8870-182B40CC06E8}.Release|Any CPU.Build.0 = Release|Any CPU
		{BA7B2E98-A993-4979-8606-CC90FF6CD9D7}.Debug|Any CPU.ActiveCfg = Debug|Any CPU
		{BA7B2E98-A993-4979-8606-CC90FF6CD9D7}.Release|Any CPU.ActiveCfg = Release|Any CPU
		{BA7B2E98-A993-4979-8606-CC90FF6CD9D7}.Release|Any CPU.Build.0 = Release|Any CPU
		{60AA0965-CC14-4779-88EE-E13D6078D40C}.Debug|Any CPU.ActiveCfg = Debug|Any CPU
		{60AA0965-CC14-4779-88EE-E13D6078D40C}.Release|Any CPU.ActiveCfg = Release|Any CPU
		{60AA0965-CC14-4779-88EE-E13D6078D40C}.Release|Any CPU.Build.0 = Release|Any CPU
		{362AF84E-4D6B-4A8B-A111-91620C1F1E50}.Debug|Any CPU.ActiveCfg = Debug|Any CPU
		{362AF84E-4D6B-4A8B-A111-91620C1F1E50}.Release|Any CPU.ActiveCfg = Release|Any CPU
		{362AF84E-4D6B-4A8B-A111-91620C1F1E50}.Release|Any CPU.Build.0 = Release|Any CPU
		{38828888-4227-4C85-A751-11370197BC22}.Debug|Any CPU.ActiveCfg = Debug|Any CPU
		{38828888-4227-4C85-A751-11370197BC22}.Release|Any CPU.ActiveCfg = Release|Any CPU
		{38828888-4227-4C85-A751-11370197BC22}.Release|Any CPU.Build.0 = Release|Any CPU
		{6D8AD002-4071-4094-803A-C25EB7E9C786}.Debug|Any CPU.ActiveCfg = Debug|Any CPU
		{6D8AD002-4071-4094-803A-C25EB7E9C786}.Release|Any CPU.ActiveCfg = Release|Any CPU
		{6D8AD002-4071-4094-803A-C25EB7E9C786}.Release|Any CPU.Build.0 = Release|Any CPU
		{62A44415-CFEC-4D0A-A6AA-BE37F5C5059D}.Debug|Any CPU.ActiveCfg = Debug|Any CPU
		{62A44415-CFEC-4D0A-A6AA-BE37F5C5059D}.Release|Any CPU.ActiveCfg = Release|Any CPU
		{62A44415-CFEC-4D0A-A6AA-BE37F5C5059D}.Release|Any CPU.Build.0 = Release|Any CPU
		{E35A1703-64C2-4C81-82E5-4DA2C79B4B5C}.Debug|Any CPU.ActiveCfg = Debug|Any CPU
		{E35A1703-64C2-4C81-82E5-4DA2C79B4B5C}.Release|Any CPU.ActiveCfg = Release|Any CPU
		{E35A1703-64C2-4C81-82E5-4DA2C79B4B5C}.Release|Any CPU.Build.0 = Release|Any CPU
		{58A7DB68-6213-47CD-BB09-D550D85E8128}.Debug|Any CPU.ActiveCfg = Debug|Any CPU
		{58A7DB68-6213-47CD-BB09-D550D85E8128}.Release|Any CPU.ActiveCfg = Release|Any CPU
		{58A7DB68-6213-47CD-BB09-D550D85E8128}.Release|Any CPU.Build.0 = Release|Any CPU
		{8D2A5280-C0AD-478B-981A-CE4B1A749711}.Debug|Any CPU.ActiveCfg = Debug|Any CPU
		{8D2A5280-C0AD-478B-981A-CE4B1A749711}.Release|Any CPU.ActiveCfg = Release|Any CPU
		{8D2A5280-C0AD-478B-981A-CE4B1A749711}.Release|Any CPU.Build.0 = Release|Any CPU
		{728A3287-AC8E-4121-99AF-1B4A5D9CA3A8}.Debug|Any CPU.ActiveCfg = Debug|Any CPU
		{728A3287-AC8E-4121-99AF-1B4A5D9CA3A8}.Release|Any CPU.ActiveCfg = Release|Any CPU
		{728A3287-AC8E-4121-99AF-1B4A5D9CA3A8}.Release|Any CPU.Build.0 = Release|Any CPU
		{7B64B859-C5FF-4CC1-9277-705AB9783CF8}.Debug|Any CPU.ActiveCfg = Debug|Any CPU
		{7B64B859-C5FF-4CC1-9277-705AB9783CF8}.Release|Any CPU.ActiveCfg = Release|Any CPU
		{7B64B859-C5FF-4CC1-9277-705AB9783CF8}.Release|Any CPU.Build.0 = Release|Any CPU
		{E24D9BAE-A975-4970-B5C9-A588E1B35875}.Debug|Any CPU.ActiveCfg = Debug|Any CPU
		{E24D9BAE-A975-4970-B5C9-A588E1B35875}.Release|Any CPU.ActiveCfg = Release|Any CPU
		{E24D9BAE-A975-4970-B5C9-A588E1B35875}.Release|Any CPU.Build.0 = Release|Any CPU
		{2421EA40-CA02-4320-9DE0-9518D6F223CB}.Debug|Any CPU.ActiveCfg = Debug|Any CPU
		{2421EA40-CA02-4320-9DE0-9518D6F223CB}.Release|Any CPU.ActiveCfg = Release|Any CPU
		{2421EA40-CA02-4320-9DE0-9518D6F223CB}.Release|Any CPU.Build.0 = Release|Any CPU
		{557193CD-D1DC-46F3-9E0F-7865CEEC5CAF}.Debug|Any CPU.ActiveCfg = Debug|Any CPU
		{557193CD-D1DC-46F3-9E0F-7865CEEC5CAF}.Release|Any CPU.ActiveCfg = Release|Any CPU
		{557193CD-D1DC-46F3-9E0F-7865CEEC5CAF}.Release|Any CPU.Build.0 = Release|Any CPU
		{3979F157-DEB0-4878-AB1D-4CEF6B5A1300}.Debug|Any CPU.ActiveCfg = Debug|Any CPU
		{3979F157-DEB0-4878-AB1D-4CEF6B5A1300}.Debug|Any CPU.Build.0 = Debug|Any CPU
		{3979F157-DEB0-4878-AB1D-4CEF6B5A1300}.Release|Any CPU.ActiveCfg = Release|Any CPU
		{3979F157-DEB0-4878-AB1D-4CEF6B5A1300}.Release|Any CPU.Build.0 = Release|Any CPU
		{034BC5C8-35B6-412E-9440-431B3997B2AB}.Debug|Any CPU.ActiveCfg = Debug|Any CPU
		{034BC5C8-35B6-412E-9440-431B3997B2AB}.Debug|Any CPU.Build.0 = Debug|Any CPU
		{034BC5C8-35B6-412E-9440-431B3997B2AB}.Release|Any CPU.ActiveCfg = Release|Any CPU
		{034BC5C8-35B6-412E-9440-431B3997B2AB}.Release|Any CPU.Build.0 = Release|Any CPU
		{2D5F00C2-A81F-46B9-AA79-7023B0188761}.Debug|Any CPU.ActiveCfg = Debug|Any CPU
		{2D5F00C2-A81F-46B9-AA79-7023B0188761}.Debug|Any CPU.Build.0 = Debug|Any CPU
		{2D5F00C2-A81F-46B9-AA79-7023B0188761}.Release|Any CPU.ActiveCfg = Release|Any CPU
		{2D5F00C2-A81F-46B9-AA79-7023B0188761}.Release|Any CPU.Build.0 = Release|Any CPU
		{4FE341BF-8422-4DF3-8EFA-DD5187032F70}.Debug|Any CPU.ActiveCfg = Debug|Any CPU
		{4FE341BF-8422-4DF3-8EFA-DD5187032F70}.Debug|Any CPU.Build.0 = Debug|Any CPU
		{4FE341BF-8422-4DF3-8EFA-DD5187032F70}.Release|Any CPU.ActiveCfg = Release|Any CPU
		{4FE341BF-8422-4DF3-8EFA-DD5187032F70}.Release|Any CPU.Build.0 = Release|Any CPU
		{D3C43DFA-4BC8-4DAA-83A4-51D0000E788C}.Debug|Any CPU.ActiveCfg = Debug|Any CPU
		{D3C43DFA-4BC8-4DAA-83A4-51D0000E788C}.Debug|Any CPU.Build.0 = Debug|Any CPU
		{D3C43DFA-4BC8-4DAA-83A4-51D0000E788C}.Release|Any CPU.ActiveCfg = Release|Any CPU
		{D3C43DFA-4BC8-4DAA-83A4-51D0000E788C}.Release|Any CPU.Build.0 = Release|Any CPU
		{897F6FD8-6F90-48E4-95A5-B4429B896205}.Debug|Any CPU.ActiveCfg = Debug|Any CPU
		{897F6FD8-6F90-48E4-95A5-B4429B896205}.Debug|Any CPU.Build.0 = Debug|Any CPU
		{897F6FD8-6F90-48E4-95A5-B4429B896205}.Release|Any CPU.ActiveCfg = Release|Any CPU
		{897F6FD8-6F90-48E4-95A5-B4429B896205}.Release|Any CPU.Build.0 = Release|Any CPU
		{860CDC51-8364-486E-9982-284FE5AB0787}.Debug|Any CPU.ActiveCfg = Debug|Any CPU
		{860CDC51-8364-486E-9982-284FE5AB0787}.Debug|Any CPU.Build.0 = Debug|Any CPU
		{860CDC51-8364-486E-9982-284FE5AB0787}.Release|Any CPU.ActiveCfg = Release|Any CPU
		{860CDC51-8364-486E-9982-284FE5AB0787}.Release|Any CPU.Build.0 = Release|Any CPU
		{67C92AA0-0B73-467D-9C1C-C884CA0DA4F7}.Debug|Any CPU.ActiveCfg = Debug|Any CPU
		{67C92AA0-0B73-467D-9C1C-C884CA0DA4F7}.Debug|Any CPU.Build.0 = Debug|Any CPU
		{67C92AA0-0B73-467D-9C1C-C884CA0DA4F7}.Release|Any CPU.ActiveCfg = Release|Any CPU
		{67C92AA0-0B73-467D-9C1C-C884CA0DA4F7}.Release|Any CPU.Build.0 = Release|Any CPU
		{17298EA0-AF73-4F30-B6F1-2066100D7D74}.Debug|Any CPU.ActiveCfg = Debug|Any CPU
		{17298EA0-AF73-4F30-B6F1-2066100D7D74}.Debug|Any CPU.Build.0 = Debug|Any CPU
		{17298EA0-AF73-4F30-B6F1-2066100D7D74}.Release|Any CPU.ActiveCfg = Release|Any CPU
		{17298EA0-AF73-4F30-B6F1-2066100D7D74}.Release|Any CPU.Build.0 = Release|Any CPU
		{EDF5D964-4C0F-4F19-B674-58A38A5E5401}.Debug|Any CPU.ActiveCfg = Debug|Any CPU
		{EDF5D964-4C0F-4F19-B674-58A38A5E5401}.Debug|Any CPU.Build.0 = Debug|Any CPU
		{EDF5D964-4C0F-4F19-B674-58A38A5E5401}.Release|Any CPU.ActiveCfg = Release|Any CPU
		{EDF5D964-4C0F-4F19-B674-58A38A5E5401}.Release|Any CPU.Build.0 = Release|Any CPU
		{5EB52D3D-09FD-463A-B02A-8D9856BD3724}.Debug|Any CPU.ActiveCfg = Debug|Any CPU
		{5EB52D3D-09FD-463A-B02A-8D9856BD3724}.Debug|Any CPU.Build.0 = Debug|Any CPU
		{5EB52D3D-09FD-463A-B02A-8D9856BD3724}.Release|Any CPU.ActiveCfg = Release|Any CPU
		{5EB52D3D-09FD-463A-B02A-8D9856BD3724}.Release|Any CPU.Build.0 = Release|Any CPU
		{CBA073DD-12E0-4FFA-B910-38B4824B5B59}.Debug|Any CPU.ActiveCfg = Debug|Any CPU
		{CBA073DD-12E0-4FFA-B910-38B4824B5B59}.Debug|Any CPU.Build.0 = Debug|Any CPU
		{CBA073DD-12E0-4FFA-B910-38B4824B5B59}.Release|Any CPU.ActiveCfg = Release|Any CPU
		{CBA073DD-12E0-4FFA-B910-38B4824B5B59}.Release|Any CPU.Build.0 = Release|Any CPU
		{D0F6B7DA-08A0-472B-AD15-3F9878439467}.Debug|Any CPU.ActiveCfg = Debug|Any CPU
		{D0F6B7DA-08A0-472B-AD15-3F9878439467}.Debug|Any CPU.Build.0 = Debug|Any CPU
		{D0F6B7DA-08A0-472B-AD15-3F9878439467}.Release|Any CPU.ActiveCfg = Release|Any CPU
		{D0F6B7DA-08A0-472B-AD15-3F9878439467}.Release|Any CPU.Build.0 = Release|Any CPU
		{E4CE48F2-D1DF-4D9D-B419-8ADCF3BE5866}.Debug|Any CPU.ActiveCfg = Debug|Any CPU
		{E4CE48F2-D1DF-4D9D-B419-8ADCF3BE5866}.Debug|Any CPU.Build.0 = Debug|Any CPU
		{E4CE48F2-D1DF-4D9D-B419-8ADCF3BE5866}.Release|Any CPU.ActiveCfg = Release|Any CPU
		{E4CE48F2-D1DF-4D9D-B419-8ADCF3BE5866}.Release|Any CPU.Build.0 = Release|Any CPU
		{C0160FE5-83CD-4025-8F78-2100B02EBC5D}.Debug|Any CPU.ActiveCfg = Debug|Any CPU
		{C0160FE5-83CD-4025-8F78-2100B02EBC5D}.Debug|Any CPU.Build.0 = Debug|Any CPU
		{C0160FE5-83CD-4025-8F78-2100B02EBC5D}.Release|Any CPU.ActiveCfg = Release|Any CPU
		{C0160FE5-83CD-4025-8F78-2100B02EBC5D}.Release|Any CPU.Build.0 = Release|Any CPU
		{0E684037-FAE4-4F67-9C4C-B68DBB215D8D}.Debug|Any CPU.ActiveCfg = Debug|Any CPU
		{0E684037-FAE4-4F67-9C4C-B68DBB215D8D}.Debug|Any CPU.Build.0 = Debug|Any CPU
		{0E684037-FAE4-4F67-9C4C-B68DBB215D8D}.Release|Any CPU.ActiveCfg = Release|Any CPU
		{0E684037-FAE4-4F67-9C4C-B68DBB215D8D}.Release|Any CPU.Build.0 = Release|Any CPU
		{10E6ADBF-9F47-4B9E-918A-E0D2960599B6}.Debug|Any CPU.ActiveCfg = Debug|Any CPU
		{10E6ADBF-9F47-4B9E-918A-E0D2960599B6}.Debug|Any CPU.Build.0 = Debug|Any CPU
		{10E6ADBF-9F47-4B9E-918A-E0D2960599B6}.Release|Any CPU.ActiveCfg = Release|Any CPU
		{10E6ADBF-9F47-4B9E-918A-E0D2960599B6}.Release|Any CPU.Build.0 = Release|Any CPU
		{8AD53561-4689-4C69-B684-9A1DDF7FEAB9}.Debug|Any CPU.ActiveCfg = Debug|Any CPU
		{8AD53561-4689-4C69-B684-9A1DDF7FEAB9}.Debug|Any CPU.Build.0 = Debug|Any CPU
		{8AD53561-4689-4C69-B684-9A1DDF7FEAB9}.Release|Any CPU.ActiveCfg = Release|Any CPU
		{8AD53561-4689-4C69-B684-9A1DDF7FEAB9}.Release|Any CPU.Build.0 = Release|Any CPU
		{7FEC4112-75D3-4EC6-8B69-DE6F9C260187}.Debug|Any CPU.ActiveCfg = Debug|Any CPU
		{7FEC4112-75D3-4EC6-8B69-DE6F9C260187}.Debug|Any CPU.Build.0 = Debug|Any CPU
		{7FEC4112-75D3-4EC6-8B69-DE6F9C260187}.Release|Any CPU.ActiveCfg = Release|Any CPU
		{7FEC4112-75D3-4EC6-8B69-DE6F9C260187}.Release|Any CPU.Build.0 = Release|Any CPU
		{FF73BD13-AD91-4F49-BBBE-82D166878301}.Debug|Any CPU.ActiveCfg = Debug|Any CPU
		{FF73BD13-AD91-4F49-BBBE-82D166878301}.Debug|Any CPU.Build.0 = Debug|Any CPU
		{FF73BD13-AD91-4F49-BBBE-82D166878301}.Release|Any CPU.ActiveCfg = Release|Any CPU
		{FF73BD13-AD91-4F49-BBBE-82D166878301}.Release|Any CPU.Build.0 = Release|Any CPU
	EndGlobalSection
	GlobalSection(SolutionProperties) = preSolution
		HideSolutionNode = FALSE
	EndGlobalSection
	GlobalSection(NestedProjects) = preSolution
		{D4700D4F-3E62-4F61-8227-D9D510D813A7} = {EC43B0E2-4A67-4F27-B21D-E5CC66205728}
		{7B66181F-20D1-46A5-B498-4003AFC240EF} = {EC43B0E2-4A67-4F27-B21D-E5CC66205728}
		{E355610D-69AE-459B-A8D6-A915192729D5} = {EC43B0E2-4A67-4F27-B21D-E5CC66205728}
		{952676FD-50C8-4DA3-8D6F-43EE3146E43F} = {EC43B0E2-4A67-4F27-B21D-E5CC66205728}
		{BE9ACA26-9C1B-4975-9AAD-BDD48DE84EB8} = {3A9577A2-E0CB-466D-A9E2-0A342A34C94F}
		{059994DD-5580-4925-84DC-DC5C127A1B12} = {3A9577A2-E0CB-466D-A9E2-0A342A34C94F}
		{7334AFF5-CF42-4922-8F79-E74FCD8693A5} = {3A9577A2-E0CB-466D-A9E2-0A342A34C94F}
		{69F00767-62CD-49FE-83C6-DCC8CBD1D026} = {3A9577A2-E0CB-466D-A9E2-0A342A34C94F}
		{E0E1CDB0-C268-42E9-8FDE-9EC3B7ACB72E} = {3A9577A2-E0CB-466D-A9E2-0A342A34C94F}
		{F7DA6203-2257-460A-ACF1-13FF3A87F724} = {3A9577A2-E0CB-466D-A9E2-0A342A34C94F}
		{325015F8-FB13-402E-99B5-F5B8FF462C17} = {3A9577A2-E0CB-466D-A9E2-0A342A34C94F}
		{FC01FB44-E3C9-4270-BD40-AE4951B55EBC} = {3A9577A2-E0CB-466D-A9E2-0A342A34C94F}
		{B17B2C9C-835E-4B73-9F58-C3AEF6DAD7E5} = {3A9577A2-E0CB-466D-A9E2-0A342A34C94F}
		{4603E890-61F4-4EB6-A6B2-CFA0A9B00999} = {3A9577A2-E0CB-466D-A9E2-0A342A34C94F}
		{38B17FF5-7426-41AA-AD89-1D6B3DF851A2} = {3A9577A2-E0CB-466D-A9E2-0A342A34C94F}
		{A22160FB-F521-4565-9399-F465F73ACC5A} = {3A9577A2-E0CB-466D-A9E2-0A342A34C94F}
		{A86C2CB5-9CE9-449D-A5E1-B9B3130842DA} = {3A9577A2-E0CB-466D-A9E2-0A342A34C94F}
		{84BD4E5A-8BF8-4CA7-9B39-FBA5ECAD2B8E} = {3A9577A2-E0CB-466D-A9E2-0A342A34C94F}
		{94F94760-3077-44B5-B5B4-859D0D9C0CB7} = {3A9577A2-E0CB-466D-A9E2-0A342A34C94F}
		{27B4CFC3-64F1-4222-BEE0-7E982816C3E2} = {3A9577A2-E0CB-466D-A9E2-0A342A34C94F}
		{C6D0E9E2-95B7-4D83-865B-031C65C3D5BF} = {3A9577A2-E0CB-466D-A9E2-0A342A34C94F}
		{DABC038B-55BE-4E93-8600-5CEBD1BC642E} = {3A9577A2-E0CB-466D-A9E2-0A342A34C94F}
		{A25F9573-74CC-4B81-B854-75D6D1048BE0} = {3A9577A2-E0CB-466D-A9E2-0A342A34C94F}
		{612DF432-2D46-46B2-A294-7D403FE611EB} = {3A9577A2-E0CB-466D-A9E2-0A342A34C94F}
		{79C26DD6-4B32-4367-B5A2-D25289CB51AF} = {3A9577A2-E0CB-466D-A9E2-0A342A34C94F}
		{B5C9FD7C-EB55-44F2-B7D4-DEBCBBDBF0F6} = {3A9577A2-E0CB-466D-A9E2-0A342A34C94F}
		{F443CAB0-11B3-4FB5-9782-F8779AAE34F7} = {3A9577A2-E0CB-466D-A9E2-0A342A34C94F}
		{2977FBE3-08DF-4275-AB2B-2DB63B29E538} = {3A9577A2-E0CB-466D-A9E2-0A342A34C94F}
		{B295AC33-F361-4812-A6EF-A446E19A19D2} = {3A9577A2-E0CB-466D-A9E2-0A342A34C94F}
		{013D8E60-DF92-4187-8588-AAF7BEE20C83} = {3A9577A2-E0CB-466D-A9E2-0A342A34C94F}
		{53C6938F-D370-40F0-8870-182B40CC06E8} = {3A9577A2-E0CB-466D-A9E2-0A342A34C94F}
		{BA7B2E98-A993-4979-8606-CC90FF6CD9D7} = {3A9577A2-E0CB-466D-A9E2-0A342A34C94F}
		{60AA0965-CC14-4779-88EE-E13D6078D40C} = {3A9577A2-E0CB-466D-A9E2-0A342A34C94F}
		{BE696037-A6A8-404A-99DA-A8CA628E405B} = {6FA89FCE-456B-4BC0-BFD5-1D392C079926}
		{140C8A6B-8156-4529-A635-9F3B6FE08195} = {6FA89FCE-456B-4BC0-BFD5-1D392C079926}
		{BB4765CA-CBD5-4BFB-8812-C5D0294AF5B2} = {6FA89FCE-456B-4BC0-BFD5-1D392C079926}
		{362AF84E-4D6B-4A8B-A111-91620C1F1E50} = {BE696037-A6A8-404A-99DA-A8CA628E405B}
		{38828888-4227-4C85-A751-11370197BC22} = {BE696037-A6A8-404A-99DA-A8CA628E405B}
		{6D8AD002-4071-4094-803A-C25EB7E9C786} = {140C8A6B-8156-4529-A635-9F3B6FE08195}
		{62A44415-CFEC-4D0A-A6AA-BE37F5C5059D} = {140C8A6B-8156-4529-A635-9F3B6FE08195}
		{E35A1703-64C2-4C81-82E5-4DA2C79B4B5C} = {140C8A6B-8156-4529-A635-9F3B6FE08195}
		{58A7DB68-6213-47CD-BB09-D550D85E8128} = {140C8A6B-8156-4529-A635-9F3B6FE08195}
		{8D2A5280-C0AD-478B-981A-CE4B1A749711} = {140C8A6B-8156-4529-A635-9F3B6FE08195}
		{728A3287-AC8E-4121-99AF-1B4A5D9CA3A8} = {140C8A6B-8156-4529-A635-9F3B6FE08195}
		{7B64B859-C5FF-4CC1-9277-705AB9783CF8} = {BB4765CA-CBD5-4BFB-8812-C5D0294AF5B2}
		{E24D9BAE-A975-4970-B5C9-A588E1B35875} = {BB4765CA-CBD5-4BFB-8812-C5D0294AF5B2}
		{2421EA40-CA02-4320-9DE0-9518D6F223CB} = {BB4765CA-CBD5-4BFB-8812-C5D0294AF5B2}
		{557193CD-D1DC-46F3-9E0F-7865CEEC5CAF} = {BB4765CA-CBD5-4BFB-8812-C5D0294AF5B2}
		{3979F157-DEB0-4878-AB1D-4CEF6B5A1300} = {D4700D4F-3E62-4F61-8227-D9D510D813A7}
		{034BC5C8-35B6-412E-9440-431B3997B2AB} = {D4700D4F-3E62-4F61-8227-D9D510D813A7}
		{2D5F00C2-A81F-46B9-AA79-7023B0188761} = {D4700D4F-3E62-4F61-8227-D9D510D813A7}
		{4FE341BF-8422-4DF3-8EFA-DD5187032F70} = {D4700D4F-3E62-4F61-8227-D9D510D813A7}
		{D3C43DFA-4BC8-4DAA-83A4-51D0000E788C} = {D4700D4F-3E62-4F61-8227-D9D510D813A7}
		{897F6FD8-6F90-48E4-95A5-B4429B896205} = {952676FD-50C8-4DA3-8D6F-43EE3146E43F}
		{860CDC51-8364-486E-9982-284FE5AB0787} = {952676FD-50C8-4DA3-8D6F-43EE3146E43F}
		{983F449C-0BB5-4294-A15D-AF9027DBF8D9} = {EC43B0E2-4A67-4F27-B21D-E5CC66205728}
		{67C92AA0-0B73-467D-9C1C-C884CA0DA4F7} = {983F449C-0BB5-4294-A15D-AF9027DBF8D9}
		{DE421E5B-AFA6-4897-8C16-0ACE07385B55} = {EC43B0E2-4A67-4F27-B21D-E5CC66205728}
		{17298EA0-AF73-4F30-B6F1-2066100D7D74} = {DE421E5B-AFA6-4897-8C16-0ACE07385B55}
		{EDF5D964-4C0F-4F19-B674-58A38A5E5401} = {DE421E5B-AFA6-4897-8C16-0ACE07385B55}
		{5EB52D3D-09FD-463A-B02A-8D9856BD3724} = {DE421E5B-AFA6-4897-8C16-0ACE07385B55}
		{CBA073DD-12E0-4FFA-B910-38B4824B5B59} = {7B66181F-20D1-46A5-B498-4003AFC240EF}
		{D0F6B7DA-08A0-472B-AD15-3F9878439467} = {7B66181F-20D1-46A5-B498-4003AFC240EF}
		{E4CE48F2-D1DF-4D9D-B419-8ADCF3BE5866} = {7B66181F-20D1-46A5-B498-4003AFC240EF}
		{C0160FE5-83CD-4025-8F78-2100B02EBC5D} = {7B66181F-20D1-46A5-B498-4003AFC240EF}
		{0E684037-FAE4-4F67-9C4C-B68DBB215D8D} = {E355610D-69AE-459B-A8D6-A915192729D5}
		{10E6ADBF-9F47-4B9E-918A-E0D2960599B6} = {E355610D-69AE-459B-A8D6-A915192729D5}
		{8AD53561-4689-4C69-B684-9A1DDF7FEAB9} = {E355610D-69AE-459B-A8D6-A915192729D5}
		{7FEC4112-75D3-4EC6-8B69-DE6F9C260187} = {983F449C-0BB5-4294-A15D-AF9027DBF8D9}
		{FF73BD13-AD91-4F49-BBBE-82D166878301} = {952676FD-50C8-4DA3-8D6F-43EE3146E43F}
	EndGlobalSection
	GlobalSection(ExtensibilityGlobals) = postSolution
		SolutionGuid = {315918BC-1793-481C-9E37-532E9FB86077}
	EndGlobalSection
EndGlobal
